
Microsoft Visual Studio Solution File, Format Version 12.00
# Visual Studio 15
VisualStudioVersion = 15.0.27703.2042
MinimumVisualStudioVersion = 10.0.40219.1
Project("{FAE04EC0-301F-11D3-BF4B-00C04F79EFBC}") = "FreshWall", "FreshWall\FreshWall.csproj", "{DFCA0A3A-35D9-466C-BC01-DA845C1F2D8C}"
EndProject
Global
	GlobalSection(SolutionConfigurationPlatforms) = preSolution
		Debug|Any CPU = Debug|Any CPU
		Release|Any CPU = Release|Any CPU
	EndGlobalSection
	GlobalSection(ProjectConfigurationPlatforms) = postSolution
		{DFCA0A3A-35D9-466C-BC01-DA845C1F2D8C}.Debug|Any CPU.ActiveCfg = Debug|Any CPU
		{DFCA0A3A-35D9-466C-BC01-DA845C1F2D8C}.Debug|Any CPU.Build.0 = Debug|Any CPU
		{DFCA0A3A-35D9-466C-BC01-DA845C1F2D8C}.Release|Any CPU.ActiveCfg = Release|Any CPU
		{DFCA0A3A-35D9-466C-BC01-DA845C1F2D8C}.Release|Any CPU.Build.0 = Release|Any CPU
	EndGlobalSection
	GlobalSection(SolutionProperties) = preSolution
		HideSolutionNode = FALSE
	EndGlobalSection
	GlobalSection(ExtensibilityGlobals) = postSolution
		SolutionGuid = {0773F3FD-8450-4647-AF58-3E5410D99FB7}
	EndGlobalSection
EndGlobal
